
Microsoft Visual Studio Solution File, Format Version 12.00
# Visual Studio Version 17
VisualStudioVersion = 17.10.35122.118
MinimumVisualStudioVersion = 10.0.40219.1
Project("{FAE04EC0-301F-11D3-BF4B-00C04F79EFBC}") = "PhamThuyHang_T7", "PhamThuyHang_T7.csproj", "{C317BCD4-C5E1-431D-BAFB-1820E6FD3A82}"
EndProject
Global
	GlobalSection(SolutionConfigurationPlatforms) = preSolution
		Debug|Any CPU = Debug|Any CPU
		Release|Any CPU = Release|Any CPU
	EndGlobalSection
	GlobalSection(ProjectConfigurationPlatforms) = postSolution
		{C317BCD4-C5E1-431D-BAFB-1820E6FD3A82}.Debug|Any CPU.ActiveCfg = Debug|Any CPU
		{C317BCD4-C5E1-431D-BAFB-1820E6FD3A82}.Debug|Any CPU.Build.0 = Debug|Any CPU
		{C317BCD4-C5E1-431D-BAFB-1820E6FD3A82}.Release|Any CPU.ActiveCfg = Release|Any CPU
		{C317BCD4-C5E1-431D-BAFB-1820E6FD3A82}.Release|Any CPU.Build.0 = Release|Any CPU
	EndGlobalSection
	GlobalSection(SolutionProperties) = preSolution
		HideSolutionNode = FALSE
	EndGlobalSection
	GlobalSection(ExtensibilityGlobals) = postSolution
		SolutionGuid = {9D8DC8E1-1000-4C12-AFF6-F9F18BAAD7BF}
	EndGlobalSection
EndGlobal
